// !$*UTF8*$!
{
	archiveVersion = 1;
	classes = {
	};
	objectVersion = 56;
	objects = {

/* Begin PBXBuildFile section */
		A40000000000000000000001 /* AppDelegate.swift in Sources */ = {isa = PBXBuildFile; fileRef = A30000000000000000000001 /* AppDelegate.swift */; };
		A4000000000000000000001C /* main.swift in Sources */ = {isa = PBXBuildFile; fileRef = A30000000000000000000020 /* main.swift */; };
		A40000000000000000000002 /* MainMenu.xib in Resources */ = {isa = PBXBuildFile; fileRef = A30000000000000000000002 /* MainMenu.xib */; };
		A40000000000000000000003 /* Assets.xcassets in Resources */ = {isa = PBXBuildFile; fileRef = A30000000000000000000003 /* Assets.xcassets */; };
		A40000000000000000000004 /* PlannerTests.swift in Sources */ = {isa = PBXBuildFile; fileRef = A30000000000000000000006 /* PlannerTests.swift */; };
		A40000000000000000000005 /* PersistenceController.swift in Sources */ = {isa = PBXBuildFile; fileRef = A30000000000000000000008 /* PersistenceController.swift */; };
		A40000000000000000000006 /* Project+CoreData.swift in Sources */ = {isa = PBXBuildFile; fileRef = A30000000000000000000009 /* Project+CoreData.swift */; };
		A4000000000000000000001D /* DayNote+CoreData.swift in Sources */ = {isa = PBXBuildFile; fileRef = A30000000000000000000021 /* DayNote+CoreData.swift */; };
		A40000000000000000000007 /* TaskItem+CoreData.swift in Sources */ = {isa = PBXBuildFile; fileRef = A3000000000000000000000A /* TaskItem+CoreData.swift */; };
		A40000000000000000000008 /* OutlineNode.swift in Sources */ = {isa = PBXBuildFile; fileRef = A3000000000000000000000B /* OutlineNode.swift */; };
		A40000000000000000000009 /* Logger+Planner.swift in Sources */ = {isa = PBXBuildFile; fileRef = A3000000000000000000000C /* Logger+Planner.swift */; };
		A4000000000000000000000A /* Planner.xcdatamodeld in Sources */ = {isa = PBXBuildFile; fileRef = A3000000000000000000000E /* Planner.xcdatamodeld */; };
		A4000000000000000000000B /* ModelController.swift in Sources */ = {isa = PBXBuildFile; fileRef = A3000000000000000000000F /* ModelController.swift */; };
		A4000000000000000000000C /* SelectionModel.swift in Sources */ = {isa = PBXBuildFile; fileRef = A30000000000000000000010 /* SelectionModel.swift */; };
		A4000000000000000000000D /* PersistenceTestCase.swift in Sources */ = {isa = PBXBuildFile; fileRef = A30000000000000000000011 /* PersistenceTestCase.swift */; };
		A4000000000000000000000E /* ModelConstraintTests.swift in Sources */ = {isa = PBXBuildFile; fileRef = A30000000000000000000012 /* ModelConstraintTests.swift */; };
		A4000000000000000000000F /* DeadlineFetchTests.swift in Sources */ = {isa = PBXBuildFile; fileRef = A30000000000000000000013 /* DeadlineFetchTests.swift */; };
		A40000000000000000000020 /* NoteFormattingTests.swift in Sources */ = {isa = PBXBuildFile; fileRef = A30000000000000000000024 /* NoteFormattingTests.swift */; };
		A40000000000000000000022 /* NoteListEditingTests.swift in Sources */ = {isa = PBXBuildFile; fileRef = A30000000000000000000026 /* NoteListEditingTests.swift */; };
		A40000000000000000000010 /* Calendar+Month.swift in Sources */ = {isa = PBXBuildFile; fileRef = A30000000000000000000014 /* Calendar+Month.swift */; };
		A40000000000000000000035 /* OutlookScripting.swift in Sources */ = {isa = PBXBuildFile; fileRef = A30000000000000000000039 /* OutlookScripting.swift */; };
		A40000000000000000000036 /* OutlookError.swift in Sources */ = {isa = PBXBuildFile; fileRef = A3000000000000000000003A /* OutlookError.swift */; };
		A40000000000000000000037 /* OutlookRecordDecoder.swift in Sources */ = {isa = PBXBuildFile; fileRef = A3000000000000000000003B /* OutlookRecordDecoder.swift */; };
		A40000000000000000000038 /* OutlookEventSource.swift in Sources */ = {isa = PBXBuildFile; fileRef = A3000000000000000000003C /* OutlookEventSource.swift */; };
		A4000000000000000000002B /* ICalendar.swift in Sources */ = {isa = PBXBuildFile; fileRef = A3000000000000000000002F /* ICalendar.swift */; };
		A4000000000000000000002C /* OutlookRecurrenceRule.swift in Sources */ = {isa = PBXBuildFile; fileRef = A30000000000000000000030 /* OutlookRecurrenceRule.swift */; };
		A4000000000000000000002D /* OutlookRecurrence.swift in Sources */ = {isa = PBXBuildFile; fileRef = A30000000000000000000031 /* OutlookRecurrence.swift */; };
		A4000000000000000000002E /* OutlookExceptions.swift in Sources */ = {isa = PBXBuildFile; fileRef = A30000000000000000000032 /* OutlookExceptions.swift */; };
		A4000000000000000000002F /* OutlookAgenda.swift in Sources */ = {isa = PBXBuildFile; fileRef = A30000000000000000000033 /* OutlookAgenda.swift */; };
		A40000000000000000000023 /* CalendarEvent.swift in Sources */ = {isa = PBXBuildFile; fileRef = A30000000000000000000027 /* CalendarEvent.swift */; };
		A40000000000000000000024 /* EventWindow.swift in Sources */ = {isa = PBXBuildFile; fileRef = A30000000000000000000028 /* EventWindow.swift */; };
		A40000000000000000000025 /* CalendarEventSource.swift in Sources */ = {isa = PBXBuildFile; fileRef = A30000000000000000000029 /* CalendarEventSource.swift */; };
		A40000000000000000000026 /* EventCoordinator.swift in Sources */ = {isa = PBXBuildFile; fileRef = A3000000000000000000002A /* EventCoordinator.swift */; };
		A40000000000000000000030 /* OutlookFixtures.swift in Sources */ = {isa = PBXBuildFile; fileRef = A30000000000000000000034 /* OutlookFixtures.swift */; };
		A40000000000000000000031 /* OutlookRecurrenceTests.swift in Sources */ = {isa = PBXBuildFile; fileRef = A30000000000000000000035 /* OutlookRecurrenceTests.swift */; };
		A40000000000000000000032 /* OutlookExceptionTests.swift in Sources */ = {isa = PBXBuildFile; fileRef = A30000000000000000000036 /* OutlookExceptionTests.swift */; };
		A40000000000000000000033 /* ICalendarTests.swift in Sources */ = {isa = PBXBuildFile; fileRef = A30000000000000000000037 /* ICalendarTests.swift */; };
		A4000000000000000000003C /* EventLabelsTests.swift in Sources */ = {isa = PBXBuildFile; fileRef = A30000000000000000000040 /* EventLabelsTests.swift */; };
		A40000000000000000000040 /* CalendarCellOverflowTests.swift in Sources */ = {isa = PBXBuildFile; fileRef = A30000000000000000000044 /* CalendarCellOverflowTests.swift */; };
		A4000000000000000000003F /* EventStatusTests.swift in Sources */ = {isa = PBXBuildFile; fileRef = A30000000000000000000043 /* EventStatusTests.swift */; };
		A4000000000000000000003D /* CalendarEventRenderingTests.swift in Sources */ = {isa = PBXBuildFile; fileRef = A30000000000000000000041 /* CalendarEventRenderingTests.swift */; };
		A40000000000000000000039 /* OutlookRecordDecoderTests.swift in Sources */ = {isa = PBXBuildFile; fileRef = A3000000000000000000003D /* OutlookRecordDecoderTests.swift */; };
		A4000000000000000000003A /* OutlookEventSourceTests.swift in Sources */ = {isa = PBXBuildFile; fileRef = A3000000000000000000003E /* OutlookEventSourceTests.swift */; };
		A40000000000000000000034 /* OutlookAgendaTests.swift in Sources */ = {isa = PBXBuildFile; fileRef = A30000000000000000000038 /* OutlookAgendaTests.swift */; };
		A40000000000000000000027 /* StubEventSource.swift in Sources */ = {isa = PBXBuildFile; fileRef = A3000000000000000000002B /* StubEventSource.swift */; };
		A40000000000000000000028 /* EventWindowTests.swift in Sources */ = {isa = PBXBuildFile; fileRef = A3000000000000000000002C /* EventWindowTests.swift */; };
		A40000000000000000000029 /* EventChipTests.swift in Sources */ = {isa = PBXBuildFile; fileRef = A3000000000000000000002D /* EventChipTests.swift */; };
		A4000000000000000000002A /* EventCoordinatorTests.swift in Sources */ = {isa = PBXBuildFile; fileRef = A3000000000000000000002E /* EventCoordinatorTests.swift */; };
		A4000000000000000000003B /* EventLabels.swift in Sources */ = {isa = PBXBuildFile; fileRef = A3000000000000000000003F /* EventLabels.swift */; };
		A4000000000000000000001E /* NoteFormatting.swift in Sources */ = {isa = PBXBuildFile; fileRef = A30000000000000000000022 /* NoteFormatting.swift */; };
		A40000000000000000000021 /* NoteListEditing.swift in Sources */ = {isa = PBXBuildFile; fileRef = A30000000000000000000025 /* NoteListEditing.swift */; };
		A40000000000000000000011 /* MainSplitViewController.swift in Sources */ = {isa = PBXBuildFile; fileRef = A30000000000000000000015 /* MainSplitViewController.swift */; };
		A40000000000000000000012 /* OutlineViewController.swift in Sources */ = {isa = PBXBuildFile; fileRef = A30000000000000000000016 /* OutlineViewController.swift */; };
		A40000000000000000000013 /* CalendarViewController.swift in Sources */ = {isa = PBXBuildFile; fileRef = A30000000000000000000017 /* CalendarViewController.swift */; };
		A40000000000000000000014 /* InspectorViewController.swift in Sources */ = {isa = PBXBuildFile; fileRef = A30000000000000000000018 /* InspectorViewController.swift */; };
		A40000000000000000000015 /* PlannerOutlineView.swift in Sources */ = {isa = PBXBuildFile; fileRef = A30000000000000000000019 /* PlannerOutlineView.swift */; };
		A4000000000000000000001F /* NoteTextView.swift in Sources */ = {isa = PBXBuildFile; fileRef = A30000000000000000000023 /* NoteTextView.swift */; };
		A40000000000000000000016 /* OutlineViewControllerTests.swift in Sources */ = {isa = PBXBuildFile; fileRef = A3000000000000000000001A /* OutlineViewControllerTests.swift */; };
		A40000000000000000000017 /* MainSplitViewControllerTests.swift in Sources */ = {isa = PBXBuildFile; fileRef = A3000000000000000000001B /* MainSplitViewControllerTests.swift */; };
		A40000000000000000000018 /* InspectorViewControllerTests.swift in Sources */ = {isa = PBXBuildFile; fileRef = A3000000000000000000001C /* InspectorViewControllerTests.swift */; };
		A40000000000000000000019 /* TitleTextField.swift in Sources */ = {isa = PBXBuildFile; fileRef = A3000000000000000000001D /* TitleTextField.swift */; };
		A4000000000000000000003E /* EventStatusView.swift in Sources */ = {isa = PBXBuildFile; fileRef = A30000000000000000000042 /* EventStatusView.swift */; };
		A4000000000000000000001A /* WeekCalendarView.swift in Sources */ = {isa = PBXBuildFile; fileRef = A3000000000000000000001E /* WeekCalendarView.swift */; };
		A4000000000000000000001B /* WeekCalendarViewTests.swift in Sources */ = {isa = PBXBuildFile; fileRef = A3000000000000000000001F /* WeekCalendarViewTests.swift */; };
		A4000000000000000000000001 /* MailMessage.swift in Sources */ = {isa = PBXBuildFile; fileRef = A3000000000000000000000001 /* MailMessage.swift */; };
		A4000000000000000000000022 /* MailEnvelopeCache.swift in Sources */ = {isa = PBXBuildFile; fileRef = A3000000000000000000000022 /* MailEnvelopeCache.swift */; };
		A4000000000000000000000032 /* MailDismissalTests.swift in Sources */ = {isa = PBXBuildFile; fileRef = A3000000000000000000000032 /* MailDismissalTests.swift */; };
		A4000000000000000000000031 /* MailDismissals.swift in Sources */ = {isa = PBXBuildFile; fileRef = A3000000000000000000000031 /* MailDismissals.swift */; };
		A4000000000000000000000030 /* MailSidecarFile.swift in Sources */ = {isa = PBXBuildFile; fileRef = A3000000000000000000000030 /* MailSidecarFile.swift */; };
		A4000000000000000000000023 /* MailEnvelopeCacheTests.swift in Sources */ = {isa = PBXBuildFile; fileRef = A3000000000000000000000023 /* MailEnvelopeCacheTests.swift */; };
		A4000000000000000000000002 /* MailWindow.swift in Sources */ = {isa = PBXBuildFile; fileRef = A3000000000000000000000002 /* MailWindow.swift */; };
		A4000000000000000000000003 /* MailSource.swift in Sources */ = {isa = PBXBuildFile; fileRef = A3000000000000000000000003 /* MailSource.swift */; };
		A4000000000000000000000004 /* MailCoordinator.swift in Sources */ = {isa = PBXBuildFile; fileRef = A3000000000000000000000004 /* MailCoordinator.swift */; };
		A4000000000000000000000005 /* StubMailSource.swift in Sources */ = {isa = PBXBuildFile; fileRef = A3000000000000000000000005 /* StubMailSource.swift */; };
		A4000000000000000000000006 /* MailWindowTests.swift in Sources */ = {isa = PBXBuildFile; fileRef = A3000000000000000000000006 /* MailWindowTests.swift */; };
		A4000000000000000000000007 /* MailCoordinatorTests.swift in Sources */ = {isa = PBXBuildFile; fileRef = A3000000000000000000000007 /* MailCoordinatorTests.swift */; };
		A4000000000000000000000008 /* MailFolder+CoreData.swift in Sources */ = {isa = PBXBuildFile; fileRef = A3000000000000000000000008 /* MailFolder+CoreData.swift */; };
		A4000000000000000000000009 /* SavedMessage+CoreData.swift in Sources */ = {isa = PBXBuildFile; fileRef = A3000000000000000000000009 /* SavedMessage+CoreData.swift */; };
		A4000000000000000000000033 /* SavedMessageSearch.swift in Sources */ = {isa = PBXBuildFile; fileRef = A3000000000000000000000033 /* SavedMessageSearch.swift */; };
		A400000000000000000000000A /* MailThreading.swift in Sources */ = {isa = PBXBuildFile; fileRef = A300000000000000000000000A /* MailThreading.swift */; };
		A400000000000000000000000B /* MailThreadingTests.swift in Sources */ = {isa = PBXBuildFile; fileRef = A300000000000000000000000B /* MailThreadingTests.swift */; };
		A400000000000000000000000C /* MailStoreTests.swift in Sources */ = {isa = PBXBuildFile; fileRef = A300000000000000000000000C /* MailStoreTests.swift */; };
		A400000000000000000000000E /* MailListViewController.swift in Sources */ = {isa = PBXBuildFile; fileRef = A300000000000000000000000E /* MailListViewController.swift */; };
		A400000000000000000000000F /* MailReaderViewController.swift in Sources */ = {isa = PBXBuildFile; fileRef = A300000000000000000000000F /* MailReaderViewController.swift */; };
		A4000000000000000000000011 /* MailLabels.swift in Sources */ = {isa = PBXBuildFile; fileRef = A3000000000000000000000011 /* MailLabels.swift */; };
		A4000000000000000000000020 /* MailBodyFormatting.swift in Sources */ = {isa = PBXBuildFile; fileRef = A3000000000000000000000020 /* MailBodyFormatting.swift */; };
		A4000000000000000000000021 /* MailBodyFormattingTests.swift in Sources */ = {isa = PBXBuildFile; fileRef = A3000000000000000000000021 /* MailBodyFormattingTests.swift */; };
		A4000000000000000000000012 /* ModeSwitchTests.swift in Sources */ = {isa = PBXBuildFile; fileRef = A3000000000000000000000012 /* ModeSwitchTests.swift */; };
		A4000000000000000000000014 /* MailboxListTests.swift in Sources */ = {isa = PBXBuildFile; fileRef = A3000000000000000000000014 /* MailboxListTests.swift */; };
		A4000000000000000000000015 /* MailListTests.swift in Sources */ = {isa = PBXBuildFile; fileRef = A3000000000000000000000015 /* MailListTests.swift */; };
		A4000000000000000000000016 /* MailHeaders.swift in Sources */ = {isa = PBXBuildFile; fileRef = A3000000000000000000000016 /* MailHeaders.swift */; };
		A4000000000000000000000017 /* OutlookMailScripting.swift in Sources */ = {isa = PBXBuildFile; fileRef = A3000000000000000000000017 /* OutlookMailScripting.swift */; };
		A4000000000000000000000018 /* OutlookMailDecoder.swift in Sources */ = {isa = PBXBuildFile; fileRef = A3000000000000000000000018 /* OutlookMailDecoder.swift */; };
		A4000000000000000000000019 /* OutlookMailSource.swift in Sources */ = {isa = PBXBuildFile; fileRef = A3000000000000000000000019 /* OutlookMailSource.swift */; };
		A400000000000000000000001A /* MailHeaderTests.swift in Sources */ = {isa = PBXBuildFile; fileRef = A300000000000000000000001A /* MailHeaderTests.swift */; };
		A400000000000000000000001B /* OutlookMailSourceTests.swift in Sources */ = {isa = PBXBuildFile; fileRef = A300000000000000000000001B /* OutlookMailSourceTests.swift */; };
		A400000000000000000000001C /* MailListOutlineView.swift in Sources */ = {isa = PBXBuildFile; fileRef = A300000000000000000000001C /* MailListOutlineView.swift */; };
		A4000000000000000000000034 /* MailSearchField.swift in Sources */ = {isa = PBXBuildFile; fileRef = A3000000000000000000000034 /* MailSearchField.swift */; };
		A400000000000000000000001D /* MailSavingTests.swift in Sources */ = {isa = PBXBuildFile; fileRef = A300000000000000000000001D /* MailSavingTests.swift */; };
		A400000000000000000000001E /* MailTaskTests.swift in Sources */ = {isa = PBXBuildFile; fileRef = A300000000000000000000001E /* MailTaskTests.swift */; };
		A400000000000000000000001F /* MailStatusTests.swift in Sources */ = {isa = PBXBuildFile; fileRef = A300000000000000000000001F /* MailStatusTests.swift */; };
/* End PBXBuildFile section */

/* Begin PBXContainerItemProxy section */
		A80000000000000000000002 /* PBXContainerItemProxy */ = {
			isa = PBXContainerItemProxy;
			containerPortal = A20000000000000000000001 /* Project object */;
			proxyType = 1;
			remoteGlobalIDString = A10000000000000000000001;
			remoteInfo = Planner;
		};
/* End PBXContainerItemProxy section */

/* Begin PBXFileReference section */
		A30000000000000000000001 /* AppDelegate.swift */ = {isa = PBXFileReference; lastKnownFileType = sourcecode.swift; path = AppDelegate.swift; sourceTree = "<group>"; };
		A30000000000000000000020 /* main.swift */ = {isa = PBXFileReference; lastKnownFileType = sourcecode.swift; path = main.swift; sourceTree = "<group>"; };
		A30000000000000000000002 /* MainMenu.xib */ = {isa = PBXFileReference; lastKnownFileType = file.xib; path = MainMenu.xib; sourceTree = "<group>"; };
		A30000000000000000000003 /* Assets.xcassets */ = {isa = PBXFileReference; lastKnownFileType = folder.assetcatalog; path = Assets.xcassets; sourceTree = "<group>"; };
		A30000000000000000000004 /* Planner.entitlements */ = {isa = PBXFileReference; lastKnownFileType = text.plist.entitlements; path = Planner.entitlements; sourceTree = "<group>"; };
		A30000000000000000000005 /* Planner.app */ = {isa = PBXFileReference; explicitFileType = wrapper.application; includeInIndex = 0; path = Planner.app; sourceTree = BUILT_PRODUCTS_DIR; };
		A30000000000000000000006 /* PlannerTests.swift */ = {isa = PBXFileReference; lastKnownFileType = sourcecode.swift; path = PlannerTests.swift; sourceTree = "<group>"; };
		A30000000000000000000007 /* PlannerTests.xctest */ = {isa = PBXFileReference; explicitFileType = wrapper.cfbundle; includeInIndex = 0; path = PlannerTests.xctest; sourceTree = BUILT_PRODUCTS_DIR; };
		A30000000000000000000008 /* PersistenceController.swift */ = {isa = PBXFileReference; lastKnownFileType = sourcecode.swift; path = PersistenceController.swift; sourceTree = "<group>"; };
		A30000000000000000000009 /* Project+CoreData.swift */ = {isa = PBXFileReference; lastKnownFileType = sourcecode.swift; path = "Project+CoreData.swift"; sourceTree = "<group>"; };
		A30000000000000000000021 /* DayNote+CoreData.swift */ = {isa = PBXFileReference; lastKnownFileType = sourcecode.swift; path = "DayNote+CoreData.swift"; sourceTree = "<group>"; };
		A3000000000000000000000A /* TaskItem+CoreData.swift */ = {isa = PBXFileReference; lastKnownFileType = sourcecode.swift; path = "TaskItem+CoreData.swift"; sourceTree = "<group>"; };
		A3000000000000000000000B /* OutlineNode.swift */ = {isa = PBXFileReference; lastKnownFileType = sourcecode.swift; path = OutlineNode.swift; sourceTree = "<group>"; };
		A3000000000000000000000C /* Logger+Planner.swift */ = {isa = PBXFileReference; lastKnownFileType = sourcecode.swift; path = "Logger+Planner.swift"; sourceTree = "<group>"; };
		A3000000000000000000000D /* Planner.xcdatamodel */ = {isa = PBXFileReference; lastKnownFileType = wrapper.xcdatamodel; path = Planner.xcdatamodel; sourceTree = "<group>"; };
		A30000000000000000000100 /* Planner 2.xcdatamodel */ = {isa = PBXFileReference; lastKnownFileType = wrapper.xcdatamodel; path = "Planner 2.xcdatamodel"; sourceTree = "<group>"; };
		A3000000000000000000000F /* ModelController.swift */ = {isa = PBXFileReference; lastKnownFileType = sourcecode.swift; path = ModelController.swift; sourceTree = "<group>"; };
		A30000000000000000000010 /* SelectionModel.swift */ = {isa = PBXFileReference; lastKnownFileType = sourcecode.swift; path = SelectionModel.swift; sourceTree = "<group>"; };
		A30000000000000000000011 /* PersistenceTestCase.swift */ = {isa = PBXFileReference; lastKnownFileType = sourcecode.swift; path = PersistenceTestCase.swift; sourceTree = "<group>"; };
		A30000000000000000000012 /* ModelConstraintTests.swift */ = {isa = PBXFileReference; lastKnownFileType = sourcecode.swift; path = ModelConstraintTests.swift; sourceTree = "<group>"; };
		A30000000000000000000013 /* DeadlineFetchTests.swift */ = {isa = PBXFileReference; lastKnownFileType = sourcecode.swift; path = DeadlineFetchTests.swift; sourceTree = "<group>"; };
		A30000000000000000000024 /* NoteFormattingTests.swift */ = {isa = PBXFileReference; lastKnownFileType = sourcecode.swift; path = NoteFormattingTests.swift; sourceTree = "<group>"; };
		A30000000000000000000026 /* NoteListEditingTests.swift */ = {isa = PBXFileReference; lastKnownFileType = sourcecode.swift; path = NoteListEditingTests.swift; sourceTree = "<group>"; };
		A30000000000000000000014 /* Calendar+Month.swift */ = {isa = PBXFileReference; lastKnownFileType = sourcecode.swift; path = "Calendar+Month.swift"; sourceTree = "<group>"; };
		A30000000000000000000039 /* OutlookScripting.swift */ = {isa = PBXFileReference; lastKnownFileType = sourcecode.swift; path = OutlookScripting.swift; sourceTree = "<group>"; };
		A3000000000000000000003A /* OutlookError.swift */ = {isa = PBXFileReference; lastKnownFileType = sourcecode.swift; path = OutlookError.swift; sourceTree = "<group>"; };
		A3000000000000000000003B /* OutlookRecordDecoder.swift */ = {isa = PBXFileReference; lastKnownFileType = sourcecode.swift; path = OutlookRecordDecoder.swift; sourceTree = "<group>"; };
		A3000000000000000000003C /* OutlookEventSource.swift */ = {isa = PBXFileReference; lastKnownFileType = sourcecode.swift; path = OutlookEventSource.swift; sourceTree = "<group>"; };
		A3000000000000000000002F /* ICalendar.swift */ = {isa = PBXFileReference; lastKnownFileType = sourcecode.swift; path = ICalendar.swift; sourceTree = "<group>"; };
		A30000000000000000000030 /* OutlookRecurrenceRule.swift */ = {isa = PBXFileReference; lastKnownFileType = sourcecode.swift; path = OutlookRecurrenceRule.swift; sourceTree = "<group>"; };
		A30000000000000000000031 /* OutlookRecurrence.swift */ = {isa = PBXFileReference; lastKnownFileType = sourcecode.swift; path = OutlookRecurrence.swift; sourceTree = "<group>"; };
		A30000000000000000000032 /* OutlookExceptions.swift */ = {isa = PBXFileReference; lastKnownFileType = sourcecode.swift; path = OutlookExceptions.swift; sourceTree = "<group>"; };
		A30000000000000000000033 /* OutlookAgenda.swift */ = {isa = PBXFileReference; lastKnownFileType = sourcecode.swift; path = OutlookAgenda.swift; sourceTree = "<group>"; };
		A30000000000000000000027 /* CalendarEvent.swift */ = {isa = PBXFileReference; lastKnownFileType = sourcecode.swift; path = CalendarEvent.swift; sourceTree = "<group>"; };
		A30000000000000000000028 /* EventWindow.swift */ = {isa = PBXFileReference; lastKnownFileType = sourcecode.swift; path = EventWindow.swift; sourceTree = "<group>"; };
		A30000000000000000000029 /* CalendarEventSource.swift */ = {isa = PBXFileReference; lastKnownFileType = sourcecode.swift; path = CalendarEventSource.swift; sourceTree = "<group>"; };
		A3000000000000000000002A /* EventCoordinator.swift */ = {isa = PBXFileReference; lastKnownFileType = sourcecode.swift; path = EventCoordinator.swift; sourceTree = "<group>"; };
		A30000000000000000000034 /* OutlookFixtures.swift */ = {isa = PBXFileReference; lastKnownFileType = sourcecode.swift; path = OutlookFixtures.swift; sourceTree = "<group>"; };
		A30000000000000000000035 /* OutlookRecurrenceTests.swift */ = {isa = PBXFileReference; lastKnownFileType = sourcecode.swift; path = OutlookRecurrenceTests.swift; sourceTree = "<group>"; };
		A30000000000000000000036 /* OutlookExceptionTests.swift */ = {isa = PBXFileReference; lastKnownFileType = sourcecode.swift; path = OutlookExceptionTests.swift; sourceTree = "<group>"; };
		A30000000000000000000037 /* ICalendarTests.swift */ = {isa = PBXFileReference; lastKnownFileType = sourcecode.swift; path = ICalendarTests.swift; sourceTree = "<group>"; };
		A30000000000000000000040 /* EventLabelsTests.swift */ = {isa = PBXFileReference; lastKnownFileType = sourcecode.swift; path = EventLabelsTests.swift; sourceTree = "<group>"; };
		A30000000000000000000044 /* CalendarCellOverflowTests.swift */ = {isa = PBXFileReference; lastKnownFileType = sourcecode.swift; path = CalendarCellOverflowTests.swift; sourceTree = "<group>"; };
		A30000000000000000000043 /* EventStatusTests.swift */ = {isa = PBXFileReference; lastKnownFileType = sourcecode.swift; path = EventStatusTests.swift; sourceTree = "<group>"; };
		A30000000000000000000041 /* CalendarEventRenderingTests.swift */ = {isa = PBXFileReference; lastKnownFileType = sourcecode.swift; path = CalendarEventRenderingTests.swift; sourceTree = "<group>"; };
		A3000000000000000000003D /* OutlookRecordDecoderTests.swift */ = {isa = PBXFileReference; lastKnownFileType = sourcecode.swift; path = OutlookRecordDecoderTests.swift; sourceTree = "<group>"; };
		A3000000000000000000003E /* OutlookEventSourceTests.swift */ = {isa = PBXFileReference; lastKnownFileType = sourcecode.swift; path = OutlookEventSourceTests.swift; sourceTree = "<group>"; };
		A30000000000000000000038 /* OutlookAgendaTests.swift */ = {isa = PBXFileReference; lastKnownFileType = sourcecode.swift; path = OutlookAgendaTests.swift; sourceTree = "<group>"; };
		A3000000000000000000002B /* StubEventSource.swift */ = {isa = PBXFileReference; lastKnownFileType = sourcecode.swift; path = StubEventSource.swift; sourceTree = "<group>"; };
		A3000000000000000000002C /* EventWindowTests.swift */ = {isa = PBXFileReference; lastKnownFileType = sourcecode.swift; path = EventWindowTests.swift; sourceTree = "<group>"; };
		A3000000000000000000002D /* EventChipTests.swift */ = {isa = PBXFileReference; lastKnownFileType = sourcecode.swift; path = EventChipTests.swift; sourceTree = "<group>"; };
		A3000000000000000000002E /* EventCoordinatorTests.swift */ = {isa = PBXFileReference; lastKnownFileType = sourcecode.swift; path = EventCoordinatorTests.swift; sourceTree = "<group>"; };
		A3000000000000000000003F /* EventLabels.swift */ = {isa = PBXFileReference; lastKnownFileType = sourcecode.swift; path = EventLabels.swift; sourceTree = "<group>"; };
		A30000000000000000000022 /* NoteFormatting.swift */ = {isa = PBXFileReference; lastKnownFileType = sourcecode.swift; path = NoteFormatting.swift; sourceTree = "<group>"; };
		A30000000000000000000025 /* NoteListEditing.swift */ = {isa = PBXFileReference; lastKnownFileType = sourcecode.swift; path = NoteListEditing.swift; sourceTree = "<group>"; };
		A30000000000000000000015 /* MainSplitViewController.swift */ = {isa = PBXFileReference; lastKnownFileType = sourcecode.swift; path = MainSplitViewController.swift; sourceTree = "<group>"; };
		A30000000000000000000016 /* OutlineViewController.swift */ = {isa = PBXFileReference; lastKnownFileType = sourcecode.swift; path = OutlineViewController.swift; sourceTree = "<group>"; };
		A30000000000000000000017 /* CalendarViewController.swift */ = {isa = PBXFileReference; lastKnownFileType = sourcecode.swift; path = CalendarViewController.swift; sourceTree = "<group>"; };
		A30000000000000000000018 /* InspectorViewController.swift */ = {isa = PBXFileReference; lastKnownFileType = sourcecode.swift; path = InspectorViewController.swift; sourceTree = "<group>"; };
		A30000000000000000000019 /* PlannerOutlineView.swift */ = {isa = PBXFileReference; lastKnownFileType = sourcecode.swift; path = PlannerOutlineView.swift; sourceTree = "<group>"; };
		A30000000000000000000023 /* NoteTextView.swift */ = {isa = PBXFileReference; lastKnownFileType = sourcecode.swift; path = NoteTextView.swift; sourceTree = "<group>"; };
		A3000000000000000000001A /* OutlineViewControllerTests.swift */ = {isa = PBXFileReference; lastKnownFileType = sourcecode.swift; path = OutlineViewControllerTests.swift; sourceTree = "<group>"; };
		A3000000000000000000001B /* MainSplitViewControllerTests.swift */ = {isa = PBXFileReference; lastKnownFileType = sourcecode.swift; path = MainSplitViewControllerTests.swift; sourceTree = "<group>"; };
		A3000000000000000000001C /* InspectorViewControllerTests.swift */ = {isa = PBXFileReference; lastKnownFileType = sourcecode.swift; path = InspectorViewControllerTests.swift; sourceTree = "<group>"; };
		A3000000000000000000001D /* TitleTextField.swift */ = {isa = PBXFileReference; lastKnownFileType = sourcecode.swift; path = TitleTextField.swift; sourceTree = "<group>"; };
		A30000000000000000000042 /* EventStatusView.swift */ = {isa = PBXFileReference; lastKnownFileType = sourcecode.swift; path = EventStatusView.swift; sourceTree = "<group>"; };
		A3000000000000000000001E /* WeekCalendarView.swift */ = {isa = PBXFileReference; lastKnownFileType = sourcecode.swift; path = WeekCalendarView.swift; sourceTree = "<group>"; };
		A3000000000000000000001F /* WeekCalendarViewTests.swift */ = {isa = PBXFileReference; lastKnownFileType = sourcecode.swift; path = WeekCalendarViewTests.swift; sourceTree = "<group>"; };
		A3000000000000000000000001 /* MailMessage.swift */ = {isa = PBXFileReference; lastKnownFileType = sourcecode.swift; path = MailMessage.swift; sourceTree = "<group>"; };
		A3000000000000000000000022 /* MailEnvelopeCache.swift */ = {isa = PBXFileReference; lastKnownFileType = sourcecode.swift; path = MailEnvelopeCache.swift; sourceTree = "<group>"; };
		A3000000000000000000000032 /* MailDismissalTests.swift */ = {isa = PBXFileReference; lastKnownFileType = sourcecode.swift; path = MailDismissalTests.swift; sourceTree = "<group>"; };
		A3000000000000000000000031 /* MailDismissals.swift */ = {isa = PBXFileReference; lastKnownFileType = sourcecode.swift; path = MailDismissals.swift; sourceTree = "<group>"; };
		A3000000000000000000000030 /* MailSidecarFile.swift */ = {isa = PBXFileReference; lastKnownFileType = sourcecode.swift; path = MailSidecarFile.swift; sourceTree = "<group>"; };
		A3000000000000000000000023 /* MailEnvelopeCacheTests.swift */ = {isa = PBXFileReference; lastKnownFileType = sourcecode.swift; path = MailEnvelopeCacheTests.swift; sourceTree = "<group>"; };
		A3000000000000000000000002 /* MailWindow.swift */ = {isa = PBXFileReference; lastKnownFileType = sourcecode.swift; path = MailWindow.swift; sourceTree = "<group>"; };
		A3000000000000000000000003 /* MailSource.swift */ = {isa = PBXFileReference; lastKnownFileType = sourcecode.swift; path = MailSource.swift; sourceTree = "<group>"; };
		A3000000000000000000000004 /* MailCoordinator.swift */ = {isa = PBXFileReference; lastKnownFileType = sourcecode.swift; path = MailCoordinator.swift; sourceTree = "<group>"; };
		A3000000000000000000000005 /* StubMailSource.swift */ = {isa = PBXFileReference; lastKnownFileType = sourcecode.swift; path = StubMailSource.swift; sourceTree = "<group>"; };
		A3000000000000000000000006 /* MailWindowTests.swift */ = {isa = PBXFileReference; lastKnownFileType = sourcecode.swift; path = MailWindowTests.swift; sourceTree = "<group>"; };
		A3000000000000000000000007 /* MailCoordinatorTests.swift */ = {isa = PBXFileReference; lastKnownFileType = sourcecode.swift; path = MailCoordinatorTests.swift; sourceTree = "<group>"; };
		A3000000000000000000000008 /* MailFolder+CoreData.swift */ = {isa = PBXFileReference; lastKnownFileType = sourcecode.swift; path = "MailFolder+CoreData.swift"; sourceTree = "<group>"; };
		A3000000000000000000000009 /* SavedMessage+CoreData.swift */ = {isa = PBXFileReference; lastKnownFileType = sourcecode.swift; path = "SavedMessage+CoreData.swift"; sourceTree = "<group>"; };
		A3000000000000000000000033 /* SavedMessageSearch.swift */ = {isa = PBXFileReference; lastKnownFileType = sourcecode.swift; path = SavedMessageSearch.swift; sourceTree = "<group>"; };
		A300000000000000000000000A /* MailThreading.swift */ = {isa = PBXFileReference; lastKnownFileType = sourcecode.swift; path = MailThreading.swift; sourceTree = "<group>"; };
		A300000000000000000000000B /* MailThreadingTests.swift */ = {isa = PBXFileReference; lastKnownFileType = sourcecode.swift; path = MailThreadingTests.swift; sourceTree = "<group>"; };
		A300000000000000000000000C /* MailStoreTests.swift */ = {isa = PBXFileReference; lastKnownFileType = sourcecode.swift; path = MailStoreTests.swift; sourceTree = "<group>"; };
		A300000000000000000000000E /* MailListViewController.swift */ = {isa = PBXFileReference; lastKnownFileType = sourcecode.swift; path = MailListViewController.swift; sourceTree = "<group>"; };
		A300000000000000000000000F /* MailReaderViewController.swift */ = {isa = PBXFileReference; lastKnownFileType = sourcecode.swift; path = MailReaderViewController.swift; sourceTree = "<group>"; };
		A3000000000000000000000011 /* MailLabels.swift */ = {isa = PBXFileReference; lastKnownFileType = sourcecode.swift; path = MailLabels.swift; sourceTree = "<group>"; };
		A3000000000000000000000020 /* MailBodyFormatting.swift */ = {isa = PBXFileReference; lastKnownFileType = sourcecode.swift; path = MailBodyFormatting.swift; sourceTree = "<group>"; };
		A3000000000000000000000021 /* MailBodyFormattingTests.swift */ = {isa = PBXFileReference; lastKnownFileType = sourcecode.swift; path = MailBodyFormattingTests.swift; sourceTree = "<group>"; };
		A3000000000000000000000012 /* ModeSwitchTests.swift */ = {isa = PBXFileReference; lastKnownFileType = sourcecode.swift; path = ModeSwitchTests.swift; sourceTree = "<group>"; };
		A3000000000000000000000014 /* MailboxListTests.swift */ = {isa = PBXFileReference; lastKnownFileType = sourcecode.swift; path = MailboxListTests.swift; sourceTree = "<group>"; };
		A3000000000000000000000015 /* MailListTests.swift */ = {isa = PBXFileReference; lastKnownFileType = sourcecode.swift; path = MailListTests.swift; sourceTree = "<group>"; };
		A3000000000000000000000016 /* MailHeaders.swift */ = {isa = PBXFileReference; lastKnownFileType = sourcecode.swift; path = MailHeaders.swift; sourceTree = "<group>"; };
		A3000000000000000000000017 /* OutlookMailScripting.swift */ = {isa = PBXFileReference; lastKnownFileType = sourcecode.swift; path = OutlookMailScripting.swift; sourceTree = "<group>"; };
		A3000000000000000000000018 /* OutlookMailDecoder.swift */ = {isa = PBXFileReference; lastKnownFileType = sourcecode.swift; path = OutlookMailDecoder.swift; sourceTree = "<group>"; };
		A3000000000000000000000019 /* OutlookMailSource.swift */ = {isa = PBXFileReference; lastKnownFileType = sourcecode.swift; path = OutlookMailSource.swift; sourceTree = "<group>"; };
		A300000000000000000000001A /* MailHeaderTests.swift */ = {isa = PBXFileReference; lastKnownFileType = sourcecode.swift; path = MailHeaderTests.swift; sourceTree = "<group>"; };
		A300000000000000000000001B /* OutlookMailSourceTests.swift */ = {isa = PBXFileReference; lastKnownFileType = sourcecode.swift; path = OutlookMailSourceTests.swift; sourceTree = "<group>"; };
		A300000000000000000000001C /* MailListOutlineView.swift */ = {isa = PBXFileReference; lastKnownFileType = sourcecode.swift; path = MailListOutlineView.swift; sourceTree = "<group>"; };
		A3000000000000000000000034 /* MailSearchField.swift */ = {isa = PBXFileReference; lastKnownFileType = sourcecode.swift; path = MailSearchField.swift; sourceTree = "<group>"; };
		A300000000000000000000001D /* MailSavingTests.swift */ = {isa = PBXFileReference; lastKnownFileType = sourcecode.swift; path = MailSavingTests.swift; sourceTree = "<group>"; };
		A300000000000000000000001E /* MailTaskTests.swift */ = {isa = PBXFileReference; lastKnownFileType = sourcecode.swift; path = MailTaskTests.swift; sourceTree = "<group>"; };
		A300000000000000000000001F /* MailStatusTests.swift */ = {isa = PBXFileReference; lastKnownFileType = sourcecode.swift; path = MailStatusTests.swift; sourceTree = "<group>"; };
/* End PBXFileReference section */

/* Begin PBXFrameworksBuildPhase section */
		A50000000000000000000002 /* Frameworks */ = {
			isa = PBXFrameworksBuildPhase;
			buildActionMask = 2147483647;
			files = (
			);
			runOnlyForDeploymentPostprocessing = 0;
		};
		A50000000000000000000005 /* Frameworks */ = {
			isa = PBXFrameworksBuildPhase;
			buildActionMask = 2147483647;
			files = (
			);
			runOnlyForDeploymentPostprocessing = 0;
		};
/* End PBXFrameworksBuildPhase section */

/* Begin PBXGroup section */
		A20000000000000000000002 = {
			isa = PBXGroup;
			children = (
				A20000000000000000000004 /* Planner */,
				A20000000000000000000006 /* PlannerTests */,
				A20000000000000000000003 /* Products */,
			);
			sourceTree = "<group>";
		};
		A20000000000000000000003 /* Products */ = {
			isa = PBXGroup;
			children = (
				A30000000000000000000005 /* Planner.app */,
				A30000000000000000000007 /* PlannerTests.xctest */,
			);
			name = Products;
			sourceTree = "<group>";
		};
		A20000000000000000000004 /* Planner */ = {
			isa = PBXGroup;
			children = (
				A20000000000000000000005 /* App */,
				A20000000000000000000007 /* Model */,
				A20000000000000000000009 /* Controllers */,
				A2000000000000000000000A /* Views */,
				A20000000000000000000008 /* Support */,
				A30000000000000000000004 /* Planner.entitlements */,
			);
			path = Planner;
			sourceTree = "<group>";
		};
		A20000000000000000000005 /* App */ = {
			isa = PBXGroup;
			children = (
				A30000000000000000000001 /* AppDelegate.swift */,
				A30000000000000000000020 /* main.swift */,
				A30000000000000000000002 /* MainMenu.xib */,
				A30000000000000000000003 /* Assets.xcassets */,
			);
			path = App;
			sourceTree = "<group>";
		};
		A20000000000000000000006 /* PlannerTests */ = {
			isa = PBXGroup;
			children = (
				A300000000000000000000001F /* MailStatusTests.swift */,
				A300000000000000000000001E /* MailTaskTests.swift */,
				A300000000000000000000001D /* MailSavingTests.swift */,
				A300000000000000000000001B /* OutlookMailSourceTests.swift */,
				A300000000000000000000001A /* MailHeaderTests.swift */,
				A3000000000000000000000023 /* MailEnvelopeCacheTests.swift */,
				A3000000000000000000000032 /* MailDismissalTests.swift */,
				A3000000000000000000000021 /* MailBodyFormattingTests.swift */,
				A3000000000000000000000015 /* MailListTests.swift */,
				A3000000000000000000000014 /* MailboxListTests.swift */,
				A3000000000000000000000012 /* ModeSwitchTests.swift */,
				A300000000000000000000000C /* MailStoreTests.swift */,
				A300000000000000000000000B /* MailThreadingTests.swift */,
				A3000000000000000000000007 /* MailCoordinatorTests.swift */,
				A3000000000000000000000006 /* MailWindowTests.swift */,
				A3000000000000000000000005 /* StubMailSource.swift */,
				A30000000000000000000006 /* PlannerTests.swift */,
				A30000000000000000000011 /* PersistenceTestCase.swift */,
				A30000000000000000000012 /* ModelConstraintTests.swift */,
				A30000000000000000000013 /* DeadlineFetchTests.swift */,
				A30000000000000000000024 /* NoteFormattingTests.swift */,
				A30000000000000000000026 /* NoteListEditingTests.swift */,
				A3000000000000000000002B /* StubEventSource.swift */,
				A3000000000000000000002C /* EventWindowTests.swift */,
				A3000000000000000000002D /* EventChipTests.swift */,
				A3000000000000000000002E /* EventCoordinatorTests.swift */,
				A30000000000000000000034 /* OutlookFixtures.swift */,
				A30000000000000000000035 /* OutlookRecurrenceTests.swift */,
				A30000000000000000000036 /* OutlookExceptionTests.swift */,
				A30000000000000000000037 /* ICalendarTests.swift */,
				A30000000000000000000038 /* OutlookAgendaTests.swift */,
				A3000000000000000000003D /* OutlookRecordDecoderTests.swift */,
				A3000000000000000000003E /* OutlookEventSourceTests.swift */,
				A30000000000000000000040 /* EventLabelsTests.swift */,
				A30000000000000000000041 /* CalendarEventRenderingTests.swift */,
				A30000000000000000000043 /* EventStatusTests.swift */,
				A30000000000000000000044 /* CalendarCellOverflowTests.swift */,
				A3000000000000000000001A /* OutlineViewControllerTests.swift */,
				A3000000000000000000001B /* MainSplitViewControllerTests.swift */,
				A3000000000000000000001C /* InspectorViewControllerTests.swift */,
				A3000000000000000000001F /* WeekCalendarViewTests.swift */,
			);
			path = PlannerTests;
			sourceTree = "<group>";
		};
		A20000000000000000000007 /* Model */ = {
			isa = PBXGroup;
			children = (
				A3000000000000000000000009 /* SavedMessage+CoreData.swift */,
				A3000000000000000000000033 /* SavedMessageSearch.swift */,
				A3000000000000000000000008 /* MailFolder+CoreData.swift */,
				A2000000000000000000000001 /* Mail */,
				A3000000000000000000000E /* Planner.xcdatamodeld */,
				A30000000000000000000008 /* PersistenceController.swift */,
				A3000000000000000000000B /* OutlineNode.swift */,
				A30000000000000000000009 /* Project+CoreData.swift */,
				A30000000000000000000021 /* DayNote+CoreData.swift */,
				A3000000000000000000000A /* TaskItem+CoreData.swift */,
				A3000000000000000000000F /* ModelController.swift */,
				A30000000000000000000010 /* SelectionModel.swift */,
				A2000000000000000000000B /* Events */,
			);
			path = Model;
			sourceTree = "<group>";
		};
		A20000000000000000000008 /* Support */ = {
			isa = PBXGroup;
			children = (
				A3000000000000000000000011 /* MailLabels.swift */,
				A3000000000000000000000020 /* MailBodyFormatting.swift */,
				A300000000000000000000000A /* MailThreading.swift */,
				A3000000000000000000000C /* Logger+Planner.swift */,
				A30000000000000000000014 /* Calendar+Month.swift */,
				A30000000000000000000022 /* NoteFormatting.swift */,
				A30000000000000000000025 /* NoteListEditing.swift */,
				A3000000000000000000003F /* EventLabels.swift */,
				A2000000000000000000000C /* Outlook */,
			);
			path = Support;
			sourceTree = "<group>";
		};
		A20000000000000000000009 /* Controllers */ = {
			isa = PBXGroup;
			children = (
				A300000000000000000000000F /* MailReaderViewController.swift */,
				A300000000000000000000000E /* MailListViewController.swift */,
				A30000000000000000000015 /* MainSplitViewController.swift */,
				A30000000000000000000016 /* OutlineViewController.swift */,
				A30000000000000000000017 /* CalendarViewController.swift */,
				A30000000000000000000018 /* InspectorViewController.swift */,
			);
			path = Controllers;
			sourceTree = "<group>";
		};
		A2000000000000000000000B /* Events */ = {
			isa = PBXGroup;
			children = (
				A30000000000000000000027 /* CalendarEvent.swift */,
				A30000000000000000000028 /* EventWindow.swift */,
				A30000000000000000000029 /* CalendarEventSource.swift */,
				A3000000000000000000002A /* EventCoordinator.swift */,
			);
			path = Events;
			sourceTree = "<group>";
		};
		A2000000000000000000000C /* Outlook */ = {
			isa = PBXGroup;
			children = (
				A3000000000000000000000019 /* OutlookMailSource.swift */,
				A3000000000000000000000018 /* OutlookMailDecoder.swift */,
				A3000000000000000000000017 /* OutlookMailScripting.swift */,
				A3000000000000000000000016 /* MailHeaders.swift */,
				A3000000000000000000002F /* ICalendar.swift */,
				A30000000000000000000030 /* OutlookRecurrenceRule.swift */,
				A30000000000000000000031 /* OutlookRecurrence.swift */,
				A30000000000000000000032 /* OutlookExceptions.swift */,
				A30000000000000000000033 /* OutlookAgenda.swift */,
				A30000000000000000000039 /* OutlookScripting.swift */,
				A3000000000000000000003A /* OutlookError.swift */,
				A3000000000000000000003B /* OutlookRecordDecoder.swift */,
				A3000000000000000000003C /* OutlookEventSource.swift */,
			);
			path = Outlook;
			sourceTree = "<group>";
		};
		A2000000000000000000000A /* Views */ = {
			isa = PBXGroup;
			children = (
				A300000000000000000000001C /* MailListOutlineView.swift */,
				A3000000000000000000000034 /* MailSearchField.swift */,
				A30000000000000000000019 /* PlannerOutlineView.swift */,
				A30000000000000000000023 /* NoteTextView.swift */,
				A3000000000000000000001D /* TitleTextField.swift */,
				A3000000000000000000001E /* WeekCalendarView.swift */,
				A30000000000000000000042 /* EventStatusView.swift */,
			);
			path = Views;
			sourceTree = "<group>";
		};
		A2000000000000000000000001 /* Mail */ = {
			isa = PBXGroup;
			children = (
				A3000000000000000000000004 /* MailCoordinator.swift */,
				A3000000000000000000000003 /* MailSource.swift */,
				A3000000000000000000000002 /* MailWindow.swift */,
				A3000000000000000000000001 /* MailMessage.swift */,
				A3000000000000000000000022 /* MailEnvelopeCache.swift */,
				A3000000000000000000000031 /* MailDismissals.swift */,
				A3000000000000000000000030 /* MailSidecarFile.swift */,
			);
			path = Mail;
			sourceTree = "<group>";
		};
/* End PBXGroup section */

/* Begin PBXNativeTarget section */
		A10000000000000000000001 /* Planner */ = {
			isa = PBXNativeTarget;
			buildConfigurationList = A60000000000000000000002 /* Build configuration list for PBXNativeTarget "Planner" */;
			buildPhases = (
				A50000000000000000000001 /* Sources */,
				A50000000000000000000002 /* Frameworks */,
				A50000000000000000000003 /* Resources */,
			);
			buildRules = (
			);
			dependencies = (
			);
			name = Planner;
			productName = Planner;
			productReference = A30000000000000000000005 /* Planner.app */;
			productType = "com.apple.product-type.application";
		};
		A10000000000000000000002 /* PlannerTests */ = {
			isa = PBXNativeTarget;
			buildConfigurationList = A60000000000000000000003 /* Build configuration list for PBXNativeTarget "PlannerTests" */;
			buildPhases = (
				A50000000000000000000004 /* Sources */,
				A50000000000000000000005 /* Frameworks */,
				A50000000000000000000006 /* Resources */,
			);
			buildRules = (
			);
			dependencies = (
				A80000000000000000000001 /* PBXTargetDependency */,
			);
			name = PlannerTests;
			productName = PlannerTests;
			productReference = A30000000000000000000007 /* PlannerTests.xctest */;
			productType = "com.apple.product-type.bundle.unit-test";
		};
/* End PBXNativeTarget section */

/* Begin PBXProject section */
		A20000000000000000000001 /* Project object */ = {
			isa = PBXProject;
			attributes = {
				BuildIndependentTargetsInParallel = 1;
				LastSwiftUpdateCheck = 1600;
				LastUpgradeCheck = 2700;
				TargetAttributes = {
					A10000000000000000000001 = {
						CreatedOnToolsVersion = 16.0;
					};
					A10000000000000000000002 = {
						CreatedOnToolsVersion = 16.0;
						TestTargetID = A10000000000000000000001;
					};
				};
			};
			buildConfigurationList = A60000000000000000000001 /* Build configuration list for PBXProject "Planner" */;
			compatibilityVersion = "Xcode 14.0";
			developmentRegion = en;
			hasScannedForEncodings = 0;
			knownRegions = (
				en,
				Base,
			);
			mainGroup = A20000000000000000000002;
			productRefGroup = A20000000000000000000003 /* Products */;
			projectDirPath = "";
			projectRoot = "";
			targets = (
				A10000000000000000000001 /* Planner */,
				A10000000000000000000002 /* PlannerTests */,
			);
		};
/* End PBXProject section */

/* Begin PBXResourcesBuildPhase section */
		A50000000000000000000003 /* Resources */ = {
			isa = PBXResourcesBuildPhase;
			buildActionMask = 2147483647;
			files = (
				A40000000000000000000002 /* MainMenu.xib in Resources */,
				A40000000000000000000003 /* Assets.xcassets in Resources */,
			);
			runOnlyForDeploymentPostprocessing = 0;
		};
		A50000000000000000000006 /* Resources */ = {
			isa = PBXResourcesBuildPhase;
			buildActionMask = 2147483647;
			files = (
			);
			runOnlyForDeploymentPostprocessing = 0;
		};
/* End PBXResourcesBuildPhase section */

/* Begin PBXSourcesBuildPhase section */
		A50000000000000000000001 /* Sources */ = {
			isa = PBXSourcesBuildPhase;
			buildActionMask = 2147483647;
			files = (
				A400000000000000000000001C /* MailListOutlineView.swift in Sources */,
				A4000000000000000000000034 /* MailSearchField.swift in Sources */,
				A4000000000000000000000019 /* OutlookMailSource.swift in Sources */,
				A4000000000000000000000018 /* OutlookMailDecoder.swift in Sources */,
				A4000000000000000000000017 /* OutlookMailScripting.swift in Sources */,
				A4000000000000000000000016 /* MailHeaders.swift in Sources */,
				A4000000000000000000000011 /* MailLabels.swift in Sources */,
				A4000000000000000000000020 /* MailBodyFormatting.swift in Sources */,
				A400000000000000000000000F /* MailReaderViewController.swift in Sources */,
				A400000000000000000000000E /* MailListViewController.swift in Sources */,
				A400000000000000000000000A /* MailThreading.swift in Sources */,
				A4000000000000000000000009 /* SavedMessage+CoreData.swift in Sources */,
				A4000000000000000000000033 /* SavedMessageSearch.swift in Sources */,
				A4000000000000000000000008 /* MailFolder+CoreData.swift in Sources */,
				A4000000000000000000000004 /* MailCoordinator.swift in Sources */,
				A4000000000000000000000003 /* MailSource.swift in Sources */,
				A4000000000000000000000002 /* MailWindow.swift in Sources */,
				A4000000000000000000000001 /* MailMessage.swift in Sources */,
				A4000000000000000000000022 /* MailEnvelopeCache.swift in Sources */,
				A4000000000000000000000031 /* MailDismissals.swift in Sources */,
				A4000000000000000000000030 /* MailSidecarFile.swift in Sources */,
				A40000000000000000000001 /* AppDelegate.swift in Sources */,
				A4000000000000000000001C /* main.swift in Sources */,
				A40000000000000000000005 /* PersistenceController.swift in Sources */,
				A40000000000000000000006 /* Project+CoreData.swift in Sources */,
				A4000000000000000000001D /* DayNote+CoreData.swift in Sources */,
				A40000000000000000000007 /* TaskItem+CoreData.swift in Sources */,
				A40000000000000000000008 /* OutlineNode.swift in Sources */,
				A40000000000000000000009 /* Logger+Planner.swift in Sources */,
				A4000000000000000000000A /* Planner.xcdatamodeld in Sources */,
				A40000000000000000000011 /* MainSplitViewController.swift in Sources */,
				A40000000000000000000012 /* OutlineViewController.swift in Sources */,
				A40000000000000000000013 /* CalendarViewController.swift in Sources */,
				A40000000000000000000014 /* InspectorViewController.swift in Sources */,
				A4000000000000000000000B /* ModelController.swift in Sources */,
				A4000000000000000000000C /* SelectionModel.swift in Sources */,
				A40000000000000000000010 /* Calendar+Month.swift in Sources */,
				A4000000000000000000001E /* NoteFormatting.swift in Sources */,
				A4000000000000000000003B /* EventLabels.swift in Sources */,
				A4000000000000000000002B /* ICalendar.swift in Sources */,
				A4000000000000000000002C /* OutlookRecurrenceRule.swift in Sources */,
				A4000000000000000000002D /* OutlookRecurrence.swift in Sources */,
				A4000000000000000000002E /* OutlookExceptions.swift in Sources */,
				A4000000000000000000002F /* OutlookAgenda.swift in Sources */,
				A40000000000000000000035 /* OutlookScripting.swift in Sources */,
				A40000000000000000000036 /* OutlookError.swift in Sources */,
				A40000000000000000000037 /* OutlookRecordDecoder.swift in Sources */,
				A40000000000000000000038 /* OutlookEventSource.swift in Sources */,
				A40000000000000000000023 /* CalendarEvent.swift in Sources */,
				A40000000000000000000024 /* EventWindow.swift in Sources */,
				A40000000000000000000025 /* CalendarEventSource.swift in Sources */,
				A40000000000000000000026 /* EventCoordinator.swift in Sources */,
				A40000000000000000000021 /* NoteListEditing.swift in Sources */,
				A40000000000000000000015 /* PlannerOutlineView.swift in Sources */,
				A4000000000000000000001F /* NoteTextView.swift in Sources */,
				A40000000000000000000019 /* TitleTextField.swift in Sources */,
				A4000000000000000000001A /* WeekCalendarView.swift in Sources */,
				A4000000000000000000003E /* EventStatusView.swift in Sources */,
			);
			runOnlyForDeploymentPostprocessing = 0;
		};
		A50000000000000000000004 /* Sources */ = {
			isa = PBXSourcesBuildPhase;
			buildActionMask = 2147483647;
			files = (
				A400000000000000000000001F /* MailStatusTests.swift in Sources */,
				A400000000000000000000001E /* MailTaskTests.swift in Sources */,
				A400000000000000000000001D /* MailSavingTests.swift in Sources */,
				A400000000000000000000001B /* OutlookMailSourceTests.swift in Sources */,
				A400000000000000000000001A /* MailHeaderTests.swift in Sources */,
				A4000000000000000000000023 /* MailEnvelopeCacheTests.swift in Sources */,
				A4000000000000000000000032 /* MailDismissalTests.swift in Sources */,
				A4000000000000000000000021 /* MailBodyFormattingTests.swift in Sources */,
				A4000000000000000000000015 /* MailListTests.swift in Sources */,
				A4000000000000000000000014 /* MailboxListTests.swift in Sources */,
				A4000000000000000000000012 /* ModeSwitchTests.swift in Sources */,
				A400000000000000000000000C /* MailStoreTests.swift in Sources */,
				A400000000000000000000000B /* MailThreadingTests.swift in Sources */,
				A4000000000000000000000007 /* MailCoordinatorTests.swift in Sources */,
				A4000000000000000000000006 /* MailWindowTests.swift in Sources */,
				A4000000000000000000000005 /* StubMailSource.swift in Sources */,
				A40000000000000000000004 /* PlannerTests.swift in Sources */,
				A4000000000000000000000D /* PersistenceTestCase.swift in Sources */,
				A4000000000000000000000E /* ModelConstraintTests.swift in Sources */,
				A4000000000000000000000F /* DeadlineFetchTests.swift in Sources */,
				A40000000000000000000020 /* NoteFormattingTests.swift in Sources */,
				A40000000000000000000022 /* NoteListEditingTests.swift in Sources */,
				A40000000000000000000027 /* StubEventSource.swift in Sources */,
				A40000000000000000000028 /* EventWindowTests.swift in Sources */,
				A40000000000000000000029 /* EventChipTests.swift in Sources */,
				A4000000000000000000002A /* EventCoordinatorTests.swift in Sources */,
				A40000000000000000000030 /* OutlookFixtures.swift in Sources */,
				A40000000000000000000031 /* OutlookRecurrenceTests.swift in Sources */,
				A40000000000000000000032 /* OutlookExceptionTests.swift in Sources */,
				A40000000000000000000033 /* ICalendarTests.swift in Sources */,
				A40000000000000000000034 /* OutlookAgendaTests.swift in Sources */,
				A40000000000000000000039 /* OutlookRecordDecoderTests.swift in Sources */,
				A4000000000000000000003A /* OutlookEventSourceTests.swift in Sources */,
				A4000000000000000000003C /* EventLabelsTests.swift in Sources */,
				A4000000000000000000003D /* CalendarEventRenderingTests.swift in Sources */,
				A4000000000000000000003F /* EventStatusTests.swift in Sources */,
				A40000000000000000000040 /* CalendarCellOverflowTests.swift in Sources */,
				A40000000000000000000016 /* OutlineViewControllerTests.swift in Sources */,
				A40000000000000000000017 /* MainSplitViewControllerTests.swift in Sources */,
				A40000000000000000000018 /* InspectorViewControllerTests.swift in Sources */,
				A4000000000000000000001B /* WeekCalendarViewTests.swift in Sources */,
			);
			runOnlyForDeploymentPostprocessing = 0;
		};
/* End PBXSourcesBuildPhase section */

/* Begin PBXTargetDependency section */
		A80000000000000000000001 /* PBXTargetDependency */ = {
			isa = PBXTargetDependency;
			target = A10000000000000000000001 /* Planner */;
			targetProxy = A80000000000000000000002 /* PBXContainerItemProxy */;
		};
/* End PBXTargetDependency section */

/* Begin XCBuildConfiguration section */
		A70000000000000000000001 /* Debug */ = {
			isa = XCBuildConfiguration;
			buildSettings = {
				ALWAYS_SEARCH_USER_PATHS = NO;
				ASSETCATALOG_COMPILER_GENERATE_SWIFT_ASSET_SYMBOL_EXTENSIONS = YES;
				CLANG_ANALYZER_NONNULL = YES;
				CLANG_ANALYZER_NUMBER_OBJECT_CONVERSION = YES_AGGRESSIVE;
				CLANG_CXX_LANGUAGE_STANDARD = "gnu++20";
				CLANG_ENABLE_MODULES = YES;
				CLANG_ENABLE_OBJC_ARC = YES;
				CLANG_ENABLE_OBJC_WEAK = YES;
				CLANG_WARN_BLOCK_CAPTURE_AUTORELEASING = YES;
				CLANG_WARN_BOOL_CONVERSION = YES;
				CLANG_WARN_COMMA = YES;
				CLANG_WARN_CONSTANT_CONVERSION = YES;
				CLANG_WARN_DEPRECATED_OBJC_IMPLEMENTATIONS = YES;
				CLANG_WARN_DIRECT_OBJC_ISA_USAGE = YES_ERROR;
				CLANG_WARN_DOCUMENTATION_COMMENTS = YES;
				CLANG_WARN_EMPTY_BODY = YES;
				CLANG_WARN_ENUM_CONVERSION = YES;
				CLANG_WARN_INFINITE_RECURSION = YES;
				CLANG_WARN_INT_CONVERSION = YES;
				CLANG_WARN_NON_LITERAL_NULL_CONVERSION = YES;
				CLANG_WARN_OBJC_IMPLICIT_RETAIN_SELF = YES;
				CLANG_WARN_OBJC_LITERAL_CONVERSION = YES;
				CLANG_WARN_OBJC_ROOT_CLASS = YES_ERROR;
				CLANG_WARN_QUOTED_INCLUDE_IN_FRAMEWORK_HEADER = YES;
				CLANG_WARN_RANGE_LOOP_ANALYSIS = YES;
				CLANG_WARN_STRICT_PROTOTYPES = YES;
				CLANG_WARN_SUSPICIOUS_MOVE = YES;
				CLANG_WARN_UNGUARDED_AVAILABILITY = YES_AGGRESSIVE;
				CLANG_WARN_UNREACHABLE_CODE = YES;
				CLANG_WARN__DUPLICATE_METHOD_MATCH = YES;
				COPY_PHASE_STRIP = NO;
				DEAD_CODE_STRIPPING = YES;
				DEBUG_INFORMATION_FORMAT = dwarf;
				ENABLE_STRICT_OBJC_MSGSEND = YES;
				ENABLE_TESTABILITY = YES;
				ENABLE_USER_SCRIPT_SANDBOXING = YES;
				GCC_C_LANGUAGE_STANDARD = gnu17;
				GCC_DYNAMIC_NO_PIC = NO;
				GCC_NO_COMMON_BLOCKS = YES;
				GCC_OPTIMIZATION_LEVEL = 0;
				GCC_PREPROCESSOR_DEFINITIONS = (
					"DEBUG=1",
					"$(inherited)",
				);
				GCC_WARN_64_TO_32_BIT_CONVERSION = YES;
				GCC_WARN_ABOUT_RETURN_TYPE = YES_ERROR;
				GCC_WARN_UNDECLARED_SELECTOR = YES;
				GCC_WARN_UNINITIALIZED_AUTOS = YES_AGGRESSIVE;
				GCC_WARN_UNUSED_FUNCTION = YES;
				GCC_WARN_UNUSED_VARIABLE = YES;
				LOCALIZATION_PREFERS_STRING_CATALOGS = YES;
				MACOSX_DEPLOYMENT_TARGET = 15.0;
				MTL_ENABLE_DEBUG_INFO = INCLUDE_SOURCE;
				MTL_FAST_MATH = YES;
				ONLY_ACTIVE_ARCH = YES;
				SDKROOT = macosx;
				STRING_CATALOG_GENERATE_SYMBOLS = YES;
				SWIFT_ACTIVE_COMPILATION_CONDITIONS = "DEBUG $(inherited)";
				SWIFT_OPTIMIZATION_LEVEL = "-Onone";
			};
			name = Debug;
		};
		A70000000000000000000002 /* Release */ = {
			isa = XCBuildConfiguration;
			buildSettings = {
				ALWAYS_SEARCH_USER_PATHS = NO;
				ASSETCATALOG_COMPILER_GENERATE_SWIFT_ASSET_SYMBOL_EXTENSIONS = YES;
				CLANG_ANALYZER_NONNULL = YES;
				CLANG_ANALYZER_NUMBER_OBJECT_CONVERSION = YES_AGGRESSIVE;
				CLANG_CXX_LANGUAGE_STANDARD = "gnu++20";
				CLANG_ENABLE_MODULES = YES;
				CLANG_ENABLE_OBJC_ARC = YES;
				CLANG_ENABLE_OBJC_WEAK = YES;
				CLANG_WARN_BLOCK_CAPTURE_AUTORELEASING = YES;
				CLANG_WARN_BOOL_CONVERSION = YES;
				CLANG_WARN_COMMA = YES;
				CLANG_WARN_CONSTANT_CONVERSION = YES;
				CLANG_WARN_DEPRECATED_OBJC_IMPLEMENTATIONS = YES;
				CLANG_WARN_DIRECT_OBJC_ISA_USAGE = YES_ERROR;
				CLANG_WARN_DOCUMENTATION_COMMENTS = YES;
				CLANG_WARN_EMPTY_BODY = YES;
				CLANG_WARN_ENUM_CONVERSION = YES;
				CLANG_WARN_INFINITE_RECURSION = YES;
				CLANG_WARN_INT_CONVERSION = YES;
				CLANG_WARN_NON_LITERAL_NULL_CONVERSION = YES;
				CLANG_WARN_OBJC_IMPLICIT_RETAIN_SELF = YES;
				CLANG_WARN_OBJC_LITERAL_CONVERSION = YES;
				CLANG_WARN_OBJC_ROOT_CLASS = YES_ERROR;
				CLANG_WARN_QUOTED_INCLUDE_IN_FRAMEWORK_HEADER = YES;
				CLANG_WARN_RANGE_LOOP_ANALYSIS = YES;
				CLANG_WARN_STRICT_PROTOTYPES = YES;
				CLANG_WARN_SUSPICIOUS_MOVE = YES;
				CLANG_WARN_UNGUARDED_AVAILABILITY = YES_AGGRESSIVE;
				CLANG_WARN_UNREACHABLE_CODE = YES;
				CLANG_WARN__DUPLICATE_METHOD_MATCH = YES;
				COPY_PHASE_STRIP = NO;
				DEAD_CODE_STRIPPING = YES;
				DEBUG_INFORMATION_FORMAT = "dwarf-with-dsym";
				ENABLE_NS_ASSERTIONS = NO;
				ENABLE_STRICT_OBJC_MSGSEND = YES;
				ENABLE_USER_SCRIPT_SANDBOXING = YES;
				GCC_C_LANGUAGE_STANDARD = gnu17;
				GCC_NO_COMMON_BLOCKS = YES;
				GCC_WARN_64_TO_32_BIT_CONVERSION = YES;
				GCC_WARN_ABOUT_RETURN_TYPE = YES_ERROR;
				GCC_WARN_UNDECLARED_SELECTOR = YES;
				GCC_WARN_UNINITIALIZED_AUTOS = YES_AGGRESSIVE;
				GCC_WARN_UNUSED_FUNCTION = YES;
				GCC_WARN_UNUSED_VARIABLE = YES;
				LOCALIZATION_PREFERS_STRING_CATALOGS = YES;
				MACOSX_DEPLOYMENT_TARGET = 15.0;
				MTL_ENABLE_DEBUG_INFO = NO;
				MTL_FAST_MATH = YES;
				SDKROOT = macosx;
				STRING_CATALOG_GENERATE_SYMBOLS = YES;
				SWIFT_COMPILATION_MODE = wholemodule;
			};
			name = Release;
		};
		A70000000000000000000003 /* Debug */ = {
			isa = XCBuildConfiguration;
			buildSettings = {
				ASSETCATALOG_COMPILER_APPICON_NAME = AppIcon;
				ASSETCATALOG_COMPILER_GLOBAL_ACCENT_COLOR_NAME = AccentColor;
				ASSETCATALOG_COMPILER_STANDALONE_ICON_BEHAVIOR = all;
				CODE_SIGN_ENTITLEMENTS = Planner/Planner.entitlements;
				CODE_SIGN_IDENTITY = "-";
				CODE_SIGN_STYLE = Automatic;
				COMBINE_HIDPI_IMAGES = YES;
				CURRENT_PROJECT_VERSION = 1;
				DEAD_CODE_STRIPPING = YES;
				ENABLE_APP_SANDBOX = NO;
				ENABLE_HARDENED_RUNTIME = YES;
				GENERATE_INFOPLIST_FILE = YES;
				INFOPLIST_KEY_LSApplicationCategoryType = "public.app-category.productivity";
				INFOPLIST_KEY_NSAppleEventsUsageDescription = "Planner reads your Outlook calendar and recent mail to show them alongside your tasks. It never modifies your calendar or your mail.";
				INFOPLIST_KEY_NSHumanReadableCopyright = "Copyright © 2026";
				INFOPLIST_KEY_NSMainNibFile = MainMenu;
				INFOPLIST_KEY_NSPrincipalClass = NSApplication;
				LD_RUNPATH_SEARCH_PATHS = (
					"$(inherited)",
					"@executable_path/../Frameworks",
				);
				MARKETING_VERSION = 1.0;
				PRODUCT_BUNDLE_IDENTIFIER = com.rihscb.Planner;
				PRODUCT_NAME = "$(TARGET_NAME)";
				SWIFT_APPROACHABLE_CONCURRENCY = YES;
				SWIFT_DEFAULT_ACTOR_ISOLATION = MainActor;
				SWIFT_EMIT_LOC_STRINGS = YES;
				SWIFT_VERSION = 6.0;
			};
			name = Debug;
		};
		A70000000000000000000004 /* Release */ = {
			isa = XCBuildConfiguration;
			buildSettings = {
				ASSETCATALOG_COMPILER_APPICON_NAME = AppIcon;
				ASSETCATALOG_COMPILER_GLOBAL_ACCENT_COLOR_NAME = AccentColor;
				ASSETCATALOG_COMPILER_STANDALONE_ICON_BEHAVIOR = all;
				CODE_SIGN_ENTITLEMENTS = Planner/Planner.entitlements;
				CODE_SIGN_IDENTITY = "-";
				CODE_SIGN_STYLE = Automatic;
				COMBINE_HIDPI_IMAGES = YES;
				CURRENT_PROJECT_VERSION = 1;
				DEAD_CODE_STRIPPING = YES;
				ENABLE_APP_SANDBOX = NO;
				ENABLE_HARDENED_RUNTIME = YES;
				GENERATE_INFOPLIST_FILE = YES;
				INFOPLIST_KEY_LSApplicationCategoryType = "public.app-category.productivity";
				INFOPLIST_KEY_NSAppleEventsUsageDescription = "Planner reads your Outlook calendar and recent mail to show them alongside your tasks. It never modifies your calendar or your mail.";
				INFOPLIST_KEY_NSHumanReadableCopyright = "Copyright © 2026";
				INFOPLIST_KEY_NSMainNibFile = MainMenu;
				INFOPLIST_KEY_NSPrincipalClass = NSApplication;
				LD_RUNPATH_SEARCH_PATHS = (
					"$(inherited)",
					"@executable_path/../Frameworks",
				);
				MARKETING_VERSION = 1.0;
				PRODUCT_BUNDLE_IDENTIFIER = com.rihscb.Planner;
				PRODUCT_NAME = "$(TARGET_NAME)";
				SWIFT_APPROACHABLE_CONCURRENCY = YES;
				SWIFT_DEFAULT_ACTOR_ISOLATION = MainActor;
				SWIFT_EMIT_LOC_STRINGS = YES;
				SWIFT_VERSION = 6.0;
			};
			name = Release;
		};
		A70000000000000000000005 /* Debug */ = {
			isa = XCBuildConfiguration;
			buildSettings = {
				BUNDLE_LOADER = "$(TEST_HOST)";
				CODE_SIGN_IDENTITY = "-";
				CODE_SIGN_STYLE = Automatic;
				CURRENT_PROJECT_VERSION = 1;
				DEAD_CODE_STRIPPING = YES;
				GENERATE_INFOPLIST_FILE = YES;
				MACOSX_DEPLOYMENT_TARGET = 15.0;
				MARKETING_VERSION = 1.0;
				PRODUCT_BUNDLE_IDENTIFIER = com.rihscb.PlannerTests;
				PRODUCT_NAME = "$(TARGET_NAME)";
				SWIFT_APPROACHABLE_CONCURRENCY = YES;
				SWIFT_EMIT_LOC_STRINGS = NO;
				SWIFT_VERSION = 6.0;
				TEST_HOST = "$(BUILT_PRODUCTS_DIR)/Planner.app/$(BUNDLE_EXECUTABLE_FOLDER_PATH)/Planner";
			};
			name = Debug;
		};
		A70000000000000000000006 /* Release */ = {
			isa = XCBuildConfiguration;
			buildSettings = {
				BUNDLE_LOADER = "$(TEST_HOST)";
				CODE_SIGN_IDENTITY = "-";
				CODE_SIGN_STYLE = Automatic;
				CURRENT_PROJECT_VERSION = 1;
				DEAD_CODE_STRIPPING = YES;
				GENERATE_INFOPLIST_FILE = YES;
				MACOSX_DEPLOYMENT_TARGET = 15.0;
				MARKETING_VERSION = 1.0;
				PRODUCT_BUNDLE_IDENTIFIER = com.rihscb.PlannerTests;
				PRODUCT_NAME = "$(TARGET_NAME)";
				SWIFT_APPROACHABLE_CONCURRENCY = YES;
				SWIFT_EMIT_LOC_STRINGS = NO;
				SWIFT_VERSION = 6.0;
				TEST_HOST = "$(BUILT_PRODUCTS_DIR)/Planner.app/$(BUNDLE_EXECUTABLE_FOLDER_PATH)/Planner";
			};
			name = Release;
		};
/* End XCBuildConfiguration section */

/* Begin XCConfigurationList section */
		A60000000000000000000001 /* Build configuration list for PBXProject "Planner" */ = {
			isa = XCConfigurationList;
			buildConfigurations = (
				A70000000000000000000001 /* Debug */,
				A70000000000000000000002 /* Release */,
			);
			defaultConfigurationIsVisible = 0;
			defaultConfigurationName = Release;
		};
		A60000000000000000000002 /* Build configuration list for PBXNativeTarget "Planner" */ = {
			isa = XCConfigurationList;
			buildConfigurations = (
				A70000000000000000000003 /* Debug */,
				A70000000000000000000004 /* Release */,
			);
			defaultConfigurationIsVisible = 0;
			defaultConfigurationName = Release;
		};
		A60000000000000000000003 /* Build configuration list for PBXNativeTarget "PlannerTests" */ = {
			isa = XCConfigurationList;
			buildConfigurations = (
				A70000000000000000000005 /* Debug */,
				A70000000000000000000006 /* Release */,
			);
			defaultConfigurationIsVisible = 0;
			defaultConfigurationName = Release;
		};
/* End XCConfigurationList section */

/* Begin XCVersionGroup section */
		A3000000000000000000000E /* Planner.xcdatamodeld */ = {
			isa = XCVersionGroup;
			children = (
				A30000000000000000000100 /* Planner 2.xcdatamodel */,
				A3000000000000000000000D /* Planner.xcdatamodel */,
			);
			currentVersion = A30000000000000000000100 /* Planner 2.xcdatamodel */;
			path = Planner.xcdatamodeld;
			sourceTree = "<group>";
			versionGroupType = wrapper.xcdatamodel;
		};
/* End XCVersionGroup section */
	};
	rootObject = A20000000000000000000001 /* Project object */;
}
